// !$*UTF8*$!
{
	archiveVersion = 1;
	classes = {
	};
	objectVersion = 56;
	objects = {

/* Begin PBXBuildFile section */
		3153BA262A79DBC300237856 /* littlelemonApp.swift in Sources */ = {isa = PBXBuildFile; fileRef = 3153BA252A79DBC300237856 /* littlelemonApp.swift */; };
		3153BA2A2A79DBC400237856 /* Assets.xcassets in Resources */ = {isa = PBXBuildFile; fileRef = 3153BA292A79DBC400237856 /* Assets.xcassets */; };
		3153BA2D2A79DBC400237856 /* Preview Assets.xcassets in Resources */ = {isa = PBXBuildFile; fileRef = 3153BA2C2A79DBC400237856 /* Preview Assets.xcassets */; };
		31A91AC42AA53407001212DB /* Little.xcdatamodeld in Sources */ = {isa = PBXBuildFile; fileRef = 31A91AC22AA53407001212DB /* Little.xcdatamodeld */; };
		31A91AC62AA668A0001212DB /* Onboarding.swift in Sources */ = {isa = PBXBuildFile; fileRef = 31A91AC52AA668A0001212DB /* Onboarding.swift */; };
		31A91AC82AA67E0A001212DB /* Home.swift in Sources */ = {isa = PBXBuildFile; fileRef = 31A91AC72AA67E0A001212DB /* Home.swift */; };
		31A91ACA2AA67E4E001212DB /* Menu.swift in Sources */ = {isa = PBXBuildFile; fileRef = 31A91AC92AA67E4E001212DB /* Menu.swift */; };
		31A91AF92AA96DC1001212DB /* UserProfile.swift in Sources */ = {isa = PBXBuildFile; fileRef = 31A91AF82AA96DC1001212DB /* UserProfile.swift */; };
/* End PBXBuildFile section */

/* Begin PBXFileReference section */
		3153BA222A79DBC300237856 /* littlelemon.app */ = {isa = PBXFileReference; explicitFileType = wrapper.application; includeInIndex = 0; path = littlelemon.app; sourceTree = BUILT_PRODUCTS_DIR; };
		3153BA252A79DBC300237856 /* littlelemonApp.swift */ = {isa = PBXFileReference; lastKnownFileType = sourcecode.swift; path = littlelemonApp.swift; sourceTree = "<group>"; };
		3153BA292A79DBC400237856 /* Assets.xcassets */ = {isa = PBXFileReference; lastKnownFileType = folder.assetcatalog; path = Assets.xcassets; sourceTree = "<group>"; };
		3153BA2C2A79DBC400237856 /* Preview Assets.xcassets */ = {isa = PBXFileReference; lastKnownFileType = folder.assetcatalog; path = "Preview Assets.xcassets"; sourceTree = "<group>"; };
		31A91AC32AA53407001212DB /* Little.xcdatamodel */ = {isa = PBXFileReference; lastKnownFileType = wrapper.xcdatamodel; path = Little.xcdatamodel; sourceTree = "<group>"; };
		31A91AC52AA668A0001212DB /* Onboarding.swift */ = {isa = PBXFileReference; lastKnownFileType = sourcecode.swift; path = Onboarding.swift; sourceTree = "<group>"; };
		31A91AC72AA67E0A001212DB /* Home.swift */ = {isa = PBXFileReference; lastKnownFileType = sourcecode.swift; path = Home.swift; sourceTree = "<group>"; };
		31A91AC92AA67E4E001212DB /* Menu.swift */ = {isa = PBXFileReference; lastKnownFileType = sourcecode.swift; path = Menu.swift; sourceTree = "<group>"; };
		31A91AF82AA96DC1001212DB /* UserProfile.swift */ = {isa = PBXFileReference; lastKnownFileType = sourcecode.swift; path = UserProfile.swift; sourceTree = "<group>"; };
/* End PBXFileReference section */

/* Begin PBXFrameworksBuildPhase section */
		3153BA1F2A79DBC300237856 /* Frameworks */ = {
			isa = PBXFrameworksBuildPhase;
			buildActionMask = 2147483647;
			files = (
			);
			runOnlyForDeploymentPostprocessing = 0;
		};
/* End PBXFrameworksBuildPhase section */

/* Begin PBXGroup section */
		3153BA192A79DBC300237856 = {
			isa = PBXGroup;
			children = (
				3153BA242A79DBC300237856 /* littlelemon */,
				3153BA232A79DBC300237856 /* Products */,
			);
			sourceTree = "<group>";
		};
		3153BA232A79DBC300237856 /* Products */ = {
			isa = PBXGroup;
			children = (
				3153BA222A79DBC300237856 /* littlelemon.app */,
			);
			name = Products;
			sourceTree = "<group>";
		};
		3153BA242A79DBC300237856 /* littlelemon */ = {
			isa = PBXGroup;
			children = (
				31A91AC92AA67E4E001212DB /* Menu.swift */,
				31A91AC72AA67E0A001212DB /* Home.swift */,
				31A91AC52AA668A0001212DB /* Onboarding.swift */,
				3153BA252A79DBC300237856 /* littlelemonApp.swift */,
				3153BA292A79DBC400237856 /* Assets.xcassets */,
				3153BA2B2A79DBC400237856 /* Preview Content */,
				31A91AC22AA53407001212DB /* Little.xcdatamodeld */,
				31A91AF82AA96DC1001212DB /* UserProfile.swift */,
			);
			path = littlelemon;
			sourceTree = "<group>";
		};
		3153BA2B2A79DBC400237856 /* Preview Content */ = {
			isa = PBXGroup;
			children = (
				3153BA2C2A79DBC400237856 /* Preview Assets.xcassets */,
			);
			path = "Preview Content";
			sourceTree = "<group>";
		};
/* End PBXGroup section */

/* Begin PBXNativeTarget section */
		3153BA212A79DBC300237856 /* littlelemon */ = {
			isa = PBXNativeTarget;
			buildConfigurationList = 3153BA302A79DBC400237856 /* Build configuration list for PBXNativeTarget "littlelemon" */;
			buildPhases = (
				3153BA1E2A79DBC300237856 /* Sources */,
				3153BA1F2A79DBC300237856 /* Frameworks */,
				3153BA202A79DBC300237856 /* Resources */,
			);
			buildRules = (
			);
			dependencies = (
			);
			name = littlelemon;
			productName = littlelemon;
			productReference = 3153BA222A79DBC300237856 /* littlelemon.app */;
			productType = "com.apple.product-type.application";
		};
/* End PBXNativeTarget section */

/* Begin PBXProject section */
		3153BA1A2A79DBC300237856 /* Project object */ = {
			isa = PBXProject;
			attributes = {
				BuildIndependentTargetsInParallel = 1;
				LastSwiftUpdateCheck = 1430;
				LastUpgradeCheck = 1430;
				TargetAttributes = {
					3153BA212A79DBC300237856 = {
						CreatedOnToolsVersion = 14.3.1;
					};
				};
			};
			buildConfigurationList = 3153BA1D2A79DBC300237856 /* Build configuration list for PBXProject "littlelemon" */;
			compatibilityVersion = "Xcode 14.0";
			developmentRegion = en;
			hasScannedForEncodings = 0;
			knownRegions = (
				en,
				Base,
			);
			mainGroup = 3153BA192A79DBC300237856;
			productRefGroup = 3153BA232A79DBC300237856 /* Products */;
			projectDirPath = "";
			projectRoot = "";
			targets = (
				3153BA212A79DBC300237856 /* littlelemon */,
			);
		};
/* End PBXProject section */

/* Begin PBXResourcesBuildPhase section */
		3153BA202A79DBC300237856 /* Resources */ = {
			isa = PBXResourcesBuildPhase;
			buildActionMask = 2147483647;
			files = (
				3153BA2D2A79DBC400237856 /* Preview Assets.xcassets in Resources */,
				3153BA2A2A79DBC400237856 /* Assets.xcassets in Resources */,
			);
			runOnlyForDeploymentPostprocessing = 0;
		};
/* End PBXResourcesBuildPhase section */

/* Begin PBXSourcesBuildPhase section */
		3153BA1E2A79DBC300237856 /* Sources */ = {
			isa = PBXSourcesBuildPhase;
			buildActionMask = 2147483647;
			files = (
				31A91AC42AA53407001212DB /* Little.xcdatamodeld in Sources */,
				31A91AC62AA668A0001212DB /* Onboarding.swift in Sources */,
				31A91AF92AA96DC1001212DB /* UserProfile.swift in Sources */,
				31A91AC82AA67E0A001212DB /* Home.swift in Sources */,
				3153BA262A79DBC300237856 /* littlelemonApp.swift in Sources */,
				31A91ACA2AA67E4E001212DB /* Menu.swift in Sources */,
			);
			runOnlyForDeploymentPostprocessing = 0;
		};
/* End PBXSourcesBuildPhase section */

/* Begin XCBuildConfiguration section */
		3153BA2E2A79DBC400237856 /* Debug */ = {
			isa = XCBuildConfiguration;
			buildSettings = {
				ALWAYS_SEARCH_USER_PATHS = NO;
				CLANG_ANALYZER_NONNULL = YES;
				CLANG_ANALYZER_NUMBER_OBJECT_CONVERSION = YES_AGGRESSIVE;
				CLANG_CXX_LANGUAGE_STANDARD = "gnu++20";
				CLANG_ENABLE_MODULES = YES;
				CLANG_ENABLE_OBJC_ARC = YES;
				CLANG_ENABLE_OBJC_WEAK = YES;
				CLANG_WARN_BLOCK_CAPTURE_AUTORELEASING = YES;
				CLANG_WARN_BOOL_CONVERSION = YES;
				CLANG_WARN_COMMA = YES;
				CLANG_WARN_CONSTANT_CONVERSION = YES;
				CLANG_WARN_DEPRECATED_OBJC_IMPLEMENTATIONS = YES;
				CLANG_WARN_DIRECT_OBJC_ISA_USAGE = YES_ERROR;
				CLANG_WARN_DOCUMENTATION_COMMENTS = YES;
				CLANG_WARN_EMPTY_BODY = YES;
				CLANG_WARN_ENUM_CONVERSION = YES;
				CLANG_WARN_INFINITE_RECURSION = YES;
				CLANG_WARN_INT_CONVERSION = YES;
				CLANG_WARN_NON_LITERAL_NULL_CONVERSION = YES;
				CLANG_WARN_OBJC_IMPLICIT_RETAIN_SELF = YES;
				CLANG_WARN_OBJC_LITERAL_CONVERSION = YES;
				CLANG_WARN_OBJC_ROOT_CLASS = YES_ERROR;
				CLANG_WARN_QUOTED_INCLUDE_IN_FRAMEWORK_HEADER = YES;
				CLANG_WARN_RANGE_LOOP_ANALYSIS = YES;
				CLANG_WARN_STRICT_PROTOTYPES = YES;
				CLANG_WARN_SUSPICIOUS_MOVE = YES;
				CLANG_WARN_UNGUARDED_AVAILABILITY = YES_AGGRESSIVE;
				CLANG_WARN_UNREACHABLE_CODE = YES;
				CLANG_WARN__DUPLICATE_METHOD_MATCH = YES;
				COPY_PHASE_STRIP = NO;
				DEBUG_INFORMATION_FORMAT = dwarf;
				ENABLE_STRICT_OBJC_MSGSEND = YES;
				ENABLE_TESTABILITY = YES;
				GCC_C_LANGUAGE_STANDARD = gnu11;
				GCC_DYNAMIC_NO_PIC = NO;
				GCC_NO_COMMON_BLOCKS = YES;
				GCC_OPTIMIZATION_LEVEL = 0;
				GCC_PREPROCESSOR_DEFINITIONS = (
					"DEBUG=1",
					"$(inherited)",
				);
				GCC_WARN_64_TO_32_BIT_CONVERSION = YES;
				GCC_WARN_ABOUT_RETURN_TYPE = YES_ERROR;
				GCC_WARN_UNDECLARED_SELECTOR = YES;
				GCC_WARN_UNINITIALIZED_AUTOS = YES_AGGRESSIVE;
				GCC_WARN_UNUSED_FUNCTION = YES;
				GCC_WARN_UNUSED_VARIABLE = YES;
				IPHONEOS_DEPLOYMENT_TARGET = 16.4;
				MTL_ENABLE_DEBUG_INFO = INCLUDE_SOURCE;
				MTL_FAST_MATH = YES;
				ONLY_ACTIVE_ARCH = YES;
				SDKROOT = iphoneos;
				SWIFT_ACTIVE_COMPILATION_CONDITIONS = DEBUG;
				SWIFT_OPTIMIZATION_LEVEL = "-Onone";
			};
			name = Debug;
		};
		3153BA2F2A79DBC400237856 /* Release */ = {
			isa = XCBuildConfiguration;
			buildSettings = {
				ALWAYS_SEARCH_USER_PATHS = NO;
				CLANG_ANALYZER_NONNULL = YES;
				CLANG_ANALYZER_NUMBER_OBJECT_CONVERSION = YES_AGGRESSIVE;
				CLANG_CXX_LANGUAGE_STANDARD = "gnu++20";
				CLANG_ENABLE_MODULES = YES;
				CLANG_ENABLE_OBJC_ARC = YES;
				CLANG_ENABLE_OBJC_WEAK = YES;
				CLANG_WARN_BLOCK_CAPTURE_AUTORELEASING = YES;
				CLANG_WARN_BOOL_CONVERSION = YES;
				CLANG_WARN_COMMA = YES;
				CLANG_WARN_CONSTANT_CONVERSION = YES;
				CLANG_WARN_DEPRECATED_OBJC_IMPLEMENTATIONS = YES;
				CLANG_WARN_DIRECT_OBJC_ISA_USAGE = YES_ERROR;
				CLANG_WARN_DOCUMENTATION_COMMENTS = YES;
				CLANG_WARN_EMPTY_BODY = YES;
				CLANG_WARN_ENUM_CONVERSION = YES;
				CLANG_WARN_INFINITE_RECURSION = YES;
				CLANG_WARN_INT_CONVERSION = YES;
				CLANG_WARN_NON_LITERAL_NULL_CONVERSION = YES;
				CLANG_WARN_OBJC_IMPLICIT_RETAIN_SELF = YES;
				CLANG_WARN_OBJC_LITERAL_CONVERSION = YES;
				CLANG_WARN_OBJC_ROOT_CLASS = YES_ERROR;
				CLANG_WARN_QUOTED_INCLUDE_IN_FRAMEWORK_HEADER = YES;
				CLANG_WARN_RANGE_LOOP_ANALYSIS = YES;
				CLANG_WARN_STRICT_PROTOTYPES = YES;
				CLANG_WARN_SUSPICIOUS_MOVE = YES;
				CLANG_WARN_UNGUARDED_AVAILABILITY = YES_AGGRESSIVE;
				CLANG_WARN_UNREACHABLE_CODE = YES;
				CLANG_WARN__DUPLICATE_METHOD_MATCH = YES;
				COPY_PHASE_STRIP = NO;
				DEBUG_INFORMATION_FORMAT = "dwarf-with-dsym";
				ENABLE_NS_ASSERTIONS = NO;
				ENABLE_STRICT_OBJC_MSGSEND = YES;
				GCC_C_LANGUAGE_STANDARD = gnu11;
				GCC_NO_COMMON_BLOCKS = YES;
				GCC_WARN_64_TO_32_BIT_CONVERSION = YES;
				GCC_WARN_ABOUT_RETURN_TYPE = YES_ERROR;
				GCC_WARN_UNDECLARED_SELECTOR = YES;
				GCC_WARN_UNINITIALIZED_AUTOS = YES_AGGRESSIVE;
				GCC_WARN_UNUSED_FUNCTION = YES;
				GCC_WARN_UNUSED_VARIABLE = YES;
				IPHONEOS_DEPLOYMENT_TARGET = 16.4;
				MTL_ENABLE_DEBUG_INFO = NO;
				MTL_FAST_MATH = YES;
				SDKROOT = iphoneos;
				SWIFT_COMPILATION_MODE = wholemodule;
				SWIFT_OPTIMIZATION_LEVEL = "-O";
				VALIDATE_PRODUCT = YES;
			};
			name = Release;
		};
		3153BA312A79DBC400237856 /* Debug */ = {
			isa = XCBuildConfiguration;
			buildSettings = {
				ASSETCATALOG_COMPILER_APPICON_NAME = AppIcon;
				ASSETCATALOG_COMPILER_GLOBAL_ACCENT_COLOR_NAME = AccentColor;
				CODE_SIGN_STYLE = Automatic;
				CURRENT_PROJECT_VERSION = 1;
				DEVELOPMENT_ASSET_PATHS = "\"littlelemon/Preview Content\"";
				DEVELOPMENT_TEAM = FYWW2S89N3;
				ENABLE_PREVIEWS = YES;
				GENERATE_INFOPLIST_FILE = YES;
				INFOPLIST_KEY_UIApplicationSceneManifest_Generation = YES;
				INFOPLIST_KEY_UIApplicationSupportsIndirectInputEvents = YES;
				INFOPLIST_KEY_UILaunchScreen_Generation = YES;
				INFOPLIST_KEY_UISupportedInterfaceOrientations_iPad = "UIInterfaceOrientationPortrait UIInterfaceOrientationPortraitUpsideDown UIInterfaceOrientationLandscapeLeft UIInterfaceOrientationLandscapeRight";
				INFOPLIST_KEY_UISupportedInterfaceOrientations_iPhone = "UIInterfaceOrientationPortrait UIInterfaceOrientationLandscapeLeft UIInterfaceOrientationLandscapeRight";
				LD_RUNPATH_SEARCH_PATHS = (
					"$(inherited)",
					"@executable_path/Frameworks",
				);
				MARKETING_VERSION = 1.0;
				PRODUCT_BUNDLE_IDENTIFIER = com.itsfloppyhat.littlelemon;
				PRODUCT_NAME = "$(TARGET_NAME)";
				SWIFT_EMIT_LOC_STRINGS = YES;
				SWIFT_VERSION = 5.0;
				TARGETED_DEVICE_FAMILY = "1,2";
			};
			name = Debug;
		};
		3153BA322A79DBC400237856 /* Release */ = {
			isa = XCBuildConfiguration;
			buildSettings = {
				ASSETCATALOG_COMPILER_APPICON_NAME = AppIcon;
				ASSETCATALOG_COMPILER_GLOBAL_ACCENT_COLOR_NAME = AccentColor;
				CODE_SIGN_STYLE = Automatic;
				CURRENT_PROJECT_VERSION = 1;
				DEVELOPMENT_ASSET_PATHS = "\"littlelemon/Preview Content\"";
				DEVELOPMENT_TEAM = FYWW2S89N3;
				ENABLE_PREVIEWS = YES;
				GENERATE_INFOPLIST_FILE = YES;
				INFOPLIST_KEY_UIApplicationSceneManifest_Generation = YES;
				INFOPLIST_KEY_UIApplicationSupportsIndirectInputEvents = YES;
				INFOPLIST_KEY_UILaunchScreen_Generation = YES;
				INFOPLIST_KEY_UISupportedInterfaceOrientations_iPad = "UIInterfaceOrientationPortrait UIInterfaceOrientationPortraitUpsideDown UIInterfaceOrientationLandscapeLeft UIInterfaceOrientationLandscapeRight";
				INFOPLIST_KEY_UISupportedInterfaceOrientations_iPhone = "UIInterfaceOrientationPortrait UIInterfaceOrientationLandscapeLeft UIInterfaceOrientationLandscapeRight";
				LD_RUNPATH_SEARCH_PATHS = (
					"$(inherited)",
					"@executable_path/Frameworks",
				);
				MARKETING_VERSION = 1.0;
				PRODUCT_BUNDLE_IDENTIFIER = com.itsfloppyhat.littlelemon;
				PRODUCT_NAME = "$(TARGET_NAME)";
				SWIFT_EMIT_LOC_STRINGS = YES;
				SWIFT_VERSION = 5.0;
				TARGETED_DEVICE_FAMILY = "1,2";
			};
			name = Release;
		};
/* End XCBuildConfiguration section */

/* Begin XCConfigurationList section */
		3153BA1D2A79DBC300237856 /* Build configuration list for PBXProject "littlelemon" */ = {
			isa = XCConfigurationList;
			buildConfigurations = (
				3153BA2E2A79DBC400237856 /* Debug */,
				3153BA2F2A79DBC400237856 /* Release */,
			);
			defaultConfigurationIsVisible = 0;
			defaultConfigurationName = Release;
		};
		3153BA302A79DBC400237856 /* Build configuration list for PBXNativeTarget "littlelemon" */ = {
			isa = XCConfigurationList;
			buildConfigurations = (
				3153BA312A79DBC400237856 /* Debug */,
				3153BA322A79DBC400237856 /* Release */,
			);
			defaultConfigurationIsVisible = 0;
			defaultConfigurationName = Release;
		};
/* End XCConfigurationList section */

/* Begin XCVersionGroup section */
		31A91AC22AA53407001212DB /* Little.xcdatamodeld */ = {
			isa = XCVersionGroup;
			children = (
				31A91AC32AA53407001212DB /* Little.xcdatamodel */,
			);
			currentVersion = 31A91AC32AA53407001212DB /* Little.xcdatamodel */;
			path = Little.xcdatamodeld;
			sourceTree = "<group>";
			versionGroupType = wrapper.xcdatamodel;
		};
/* End XCVersionGroup section */
	};
	rootObject = 3153BA1A2A79DBC300237856 /* Project object */;
}
